
Microsoft Visual Studio Solution File, Format Version 12.00
# Visual Studio Version 17
VisualStudioVersion = 17.11.35312.102
MinimumVisualStudioVersion = 10.0.40219.1
Project("{8BC9CEB8-8B4A-11D0-8D11-00A0C91BC942}") = "StagelessExe", "StagelessExe\StagelessExe.vcxproj", "{E27C8CB5-4829-482F-9856-BE2D25CFB285}"
EndProject
Project("{8BC9CEB8-8B4A-11D0-8D11-00A0C91BC942}") = "VehInject", "VehInject\VehInject.vcxproj", "{1D0AE03F-72A7-42CD-8E77-343138F00248}"
EndProject
Project("{8BC9CEB8-8B4A-11D0-8D11-00A0C91BC942}") = "EtwBypassHWBP", "EtwBypassHWBP\EtwBypassHWBP.vcxproj", "{8F32FFDD-D20F-44DD-A497-BDE3D526C0A5}"
EndProject
Global
	GlobalSection(SolutionConfigurationPlatforms) = preSolution
		Debug|x64 = Debug|x64
		Debug|x86 = Debug|x86
		Release|x64 = Release|x64
		Release|x86 = Release|x86
	EndGlobalSection
	GlobalSection(ProjectConfigurationPlatforms) = postSolution
		{E27C8CB5-4829-482F-9856-BE2D25CFB285}.Debug|x64.ActiveCfg = Debug|x64
		{E27C8CB5-4829-482F-9856-BE2D25CFB285}.Debug|x64.Build.0 = Debug|x64
		{E27C8CB5-4829-482F-9856-BE2D25CFB285}.Debug|x86.ActiveCfg = Debug|Win32
		{E27C8CB5-4829-482F-9856-BE2D25CFB285}.Debug|x86.Build.0 = Debug|Win32
		{E27C8CB5-4829-482F-9856-BE2D25CFB285}.Release|x64.ActiveCfg = Release|x64
		{E27C8CB5-4829-482F-9856-BE2D25CFB285}.Release|x64.Build.0 = Release|x64
		{E27C8CB5-4829-482F-9856-BE2D25CFB285}.Release|x86.ActiveCfg = Release|Win32
		{E27C8CB5-4829-482F-9856-BE2D25CFB285}.Release|x86.Build.0 = Release|Win32
		{1D0AE03F-72A7-42CD-8E77-343138F00248}.Debug|x64.ActiveCfg = Debug|x64
		{1D0AE03F-72A7-42CD-8E77-343138F00248}.Debug|x64.Build.0 = Debug|x64
		{1D0AE03F-72A7-42CD-8E77-343138F00248}.Debug|x86.ActiveCfg = Debug|Win32
		{1D0AE03F-72A7-42CD-8E77-343138F00248}.Debug|x86.Build.0 = Debug|Win32
		{1D0AE03F-72A7-42CD-8E77-343138F00248}.Release|x64.ActiveCfg = Release|x64
		{1D0AE03F-72A7-42CD-8E77-343138F00248}.Release|x64.Build.0 = Release|x64
		{1D0AE03F-72A7-42CD-8E77-343138F00248}.Release|x86.ActiveCfg = Release|Win32
		{1D0AE03F-72A7-42CD-8E77-343138F00248}.Release|x86.Build.0 = Release|Win32
		{8F32FFDD-D20F-44DD-A497-BDE3D526C0A5}.Debug|x64.ActiveCfg = Debug|x64
		{8F32FFDD-D20F-44DD-A497-BDE3D526C0A5}.Debug|x64.Build.0 = Debug|x64
		{8F32FFDD-D20F-44DD-A497-BDE3D526C0A5}.Debug|x86.ActiveCfg = Debug|Win32
		{8F32FFDD-D20F-44DD-A497-BDE3D526C0A5}.Debug|x86.Build.0 = Debug|Win32
		{8F32FFDD-D20F-44DD-A497-BDE3D526C0A5}.Release|x64.ActiveCfg = Release|x64
		{8F32FFDD-D20F-44DD-A497-BDE3D526C0A5}.Release|x64.Build.0 = Release|x64
		{8F32FFDD-D20F-44DD-A497-BDE3D526C0A5}.Release|x86.ActiveCfg = Release|Win32
		{8F32FFDD-D20F-44DD-A497-BDE3D526C0A5}.Release|x86.Build.0 = Release|Win32
	EndGlobalSection
	GlobalSection(SolutionProperties) = preSolution
		HideSolutionNode = FALSE
	EndGlobalSection
	GlobalSection(ExtensibilityGlobals) = postSolution
		SolutionGuid = {F1E1ED2F-A604-4E6E-8D9F-755E2C2CAE4C}
	EndGlobalSection
EndGlobal
